{
  "pins" : [
    {
      "identity" : "keyboardguide",
      "kind" : "remoteSourceControl",
      "location" : "https://github.com/niw/KeyboardGuide",
      "state" : {
        "revision" : "f42565b897aef6652c1bd3e5b20b7f6a280a57f7",
        "version" : "0.2.2"
      }
    },
    {
      "identity" : "swiftui-introspect",
      "kind" : "remoteSourceControl",
      "location" : "https://github.com/siteline/SwiftUI-Introspect",
      "state" : {
        "revision" : "c18951c747ab62af7c15e17a81bd37d4fd5a9979",
        "version" : "0.2.3"
      }
    },
    {
      "identity" : "tinyconstraints",
      "kind" : "remoteSourceControl",
      "location" : "https://github.com/roberthein/TinyConstraints",
      "state" : {
        "revision" : "3262e5c591d4ab6272255df2087a01bbebd138dc",
        "version" : "4.0.2"
      }
    }
  ],
  "version" : 2
}
